
Microsoft Visual Studio Solution File, Format Version 12.00
# Visual Studio Version 16
VisualStudioVersion = 16.0.32901.82
MinimumVisualStudioVersion = 10.0.40219.1
Project("{8BC9CEB8-8B4A-11D0-8D11-00A0C91BC942}") = "GameServer", "GameServer\GameServer.vcxproj", "{B4297B5A-403C-456A-B1E9-24FF0670193D}"
EndProject
Project("{8BC9CEB8-8B4A-11D0-8D11-00A0C91BC942}") = "ServerCore", "ServerCore\ServerCore.vcxproj", "{CAC2B122-7251-4759-8D77-04CD547B7348}"
EndProject
Project("{2150E333-8FDC-42A3-9474-1A3956D46DE8}") = "Tools", "Tools", "{31BBF198-61D7-4B73-A79C-7448940E6B6F}"
	ProjectSection(SolutionItems) = preProject
		Readme.txt = Readme.txt
	EndProjectSection
EndProject
Project("{888888A0-9F3D-457C-B088-3A5042F75D52}") = "PacketGenerator", "Tools\PacketGenerator\PacketGenerator.pyproj", "{CCEA668E-90D3-459A-BCB1-D1E4F135881E}"
EndProject
Global
	GlobalSection(SolutionConfigurationPlatforms) = preSolution
		Debug|Any CPU = Debug|Any CPU
		Debug|x64 = Debug|x64
		Debug|x86 = Debug|x86
		Release|Any CPU = Release|Any CPU
		Release|x64 = Release|x64
		Release|x86 = Release|x86
	EndGlobalSection
	GlobalSection(ProjectConfigurationPlatforms) = postSolution
		{B4297B5A-403C-456A-B1E9-24FF0670193D}.Debug|Any CPU.ActiveCfg = Debug|Win32
		{B4297B5A-403C-456A-B1E9-24FF0670193D}.Debug|x64.ActiveCfg = Debug|x64
		{B4297B5A-403C-456A-B1E9-24FF0670193D}.Debug|x64.Build.0 = Debug|x64
		{B4297B5A-403C-456A-B1E9-24FF0670193D}.Debug|x86.ActiveCfg = Debug|Win32
		{B4297B5A-403C-456A-B1E9-24FF0670193D}.Debug|x86.Build.0 = Debug|Win32
		{B4297B5A-403C-456A-B1E9-24FF0670193D}.Release|Any CPU.ActiveCfg = Release|Win32
		{B4297B5A-403C-456A-B1E9-24FF0670193D}.Release|x64.ActiveCfg = Release|x64
		{B4297B5A-403C-456A-B1E9-24FF0670193D}.Release|x64.Build.0 = Release|x64
		{B4297B5A-403C-456A-B1E9-24FF0670193D}.Release|x86.ActiveCfg = Release|Win32
		{B4297B5A-403C-456A-B1E9-24FF0670193D}.Release|x86.Build.0 = Release|Win32
		{CAC2B122-7251-4759-8D77-04CD547B7348}.Debug|Any CPU.ActiveCfg = Debug|Win32
		{CAC2B122-7251-4759-8D77-04CD547B7348}.Debug|x64.ActiveCfg = Debug|x64
		{CAC2B122-7251-4759-8D77-04CD547B7348}.Debug|x64.Build.0 = Debug|x64
		{CAC2B122-7251-4759-8D77-04CD547B7348}.Debug|x86.ActiveCfg = Debug|Win32
		{CAC2B122-7251-4759-8D77-04CD547B7348}.Debug|x86.Build.0 = Debug|Win32
		{CAC2B122-7251-4759-8D77-04CD547B7348}.Release|Any CPU.ActiveCfg = Release|Win32
		{CAC2B122-7251-4759-8D77-04CD547B7348}.Release|x64.ActiveCfg = Release|x64
		{CAC2B122-7251-4759-8D77-04CD547B7348}.Release|x64.Build.0 = Release|x64
		{CAC2B122-7251-4759-8D77-04CD547B7348}.Release|x86.ActiveCfg = Release|Win32
		{CAC2B122-7251-4759-8D77-04CD547B7348}.Release|x86.Build.0 = Release|Win32
		{CCEA668E-90D3-459A-BCB1-D1E4F135881E}.Debug|Any CPU.ActiveCfg = Debug|Any CPU
		{CCEA668E-90D3-459A-BCB1-D1E4F135881E}.Debug|x64.ActiveCfg = Debug|Any CPU
		{CCEA668E-90D3-459A-BCB1-D1E4F135881E}.Debug|x86.ActiveCfg = Debug|Any CPU
		{CCEA668E-90D3-459A-BCB1-D1E4F135881E}.Release|Any CPU.ActiveCfg = Release|Any CPU
		{CCEA668E-90D3-459A-BCB1-D1E4F135881E}.Release|x64.ActiveCfg = Release|Any CPU
		{CCEA668E-90D3-459A-BCB1-D1E4F135881E}.Release|x86.ActiveCfg = Release|Any CPU
	EndGlobalSection
	GlobalSection(SolutionProperties) = preSolution
		HideSolutionNode = FALSE
	EndGlobalSection
	GlobalSection(NestedProjects) = preSolution
		{CCEA668E-90D3-459A-BCB1-D1E4F135881E} = {31BBF198-61D7-4B73-A79C-7448940E6B6F}
	EndGlobalSection
	GlobalSection(ExtensibilityGlobals) = postSolution
		SolutionGuid = {AF7D31A6-1652-47F1-B6CB-07728D48DDA2}
	EndGlobalSection
EndGlobal
